
Microsoft Visual Studio Solution File, Format Version 12.00
# Visual Studio Version 17
VisualStudioVersion = 17.5.002.0
MinimumVisualStudioVersion = 10.0.40219.1
Project("{9A19103F-16F7-4668-BE54-9A1E7A4F7556}") = "pwshare", "pwshare\pwshare.csproj", "{BBC6D395-0F94-40B8-B2A9-CD858F2915A5}"
EndProject
Global
	GlobalSection(SolutionConfigurationPlatforms) = preSolution
		Debug|Any CPU = Debug|Any CPU
		Release|Any CPU = Release|Any CPU
	EndGlobalSection
	GlobalSection(ProjectConfigurationPlatforms) = postSolution
		{BBC6D395-0F94-40B8-B2A9-CD858F2915A5}.Debug|Any CPU.ActiveCfg = Debug|Any CPU
		{BBC6D395-0F94-40B8-B2A9-CD858F2915A5}.Debug|Any CPU.Build.0 = Debug|Any CPU
		{BBC6D395-0F94-40B8-B2A9-CD858F2915A5}.Release|Any CPU.ActiveCfg = Release|Any CPU
		{BBC6D395-0F94-40B8-B2A9-CD858F2915A5}.Release|Any CPU.Build.0 = Release|Any CPU
	EndGlobalSection
	GlobalSection(SolutionProperties) = preSolution
		HideSolutionNode = FALSE
	EndGlobalSection
	GlobalSection(ExtensibilityGlobals) = postSolution
		SolutionGuid = {52BFDE35-E3EB-4794-961C-2FD3DB6C8244}
	EndGlobalSection
EndGlobal
